
Microsoft Visual Studio Solution File, Format Version 12.00
# Visual Studio 15
VisualStudioVersion = 15.0.26430.16
MinimumVisualStudioVersion = 10.0.40219.1
Project("{FAE04EC0-301F-11D3-BF4B-00C04F79EFBC}") = "Lesson2A", "Lesson2A\Lesson2A.csproj", "{EF853894-6F17-4382-898F-71359904A0FF}"
EndProject
Project("{FAE04EC0-301F-11D3-BF4B-00C04F79EFBC}") = "Lesson2B", "Lesson2B\Lesson2B.csproj", "{BEF0D3AC-B654-4E27-95B8-09DC7E7D1EB8}"
EndProject
Project("{FAE04EC0-301F-11D3-BF4B-00C04F79EFBC}") = "Lesson1", "Lesson1\Lesson1.csproj", "{80F3531F-C669-42E2-A9FF-DAF51C9C7643}"
EndProject
Project("{FAE04EC0-301F-11D3-BF4B-00C04F79EFBC}") = "Lesson3A", "Lesson3A\Lesson3A.csproj", "{9C79C215-D072-40E0-B1A6-4A78E9357294}"
EndProject
Project("{FAE04EC0-301F-11D3-BF4B-00C04F79EFBC}") = "Lesson3B", "Lesson3B\Lesson3B.csproj", "{E17E39F6-A724-4488-BF6E-6E3947723FC1}"
EndProject
Project("{FAE04EC0-301F-11D3-BF4B-00C04F79EFBC}") = "Lesson3C", "Lesson3C\Lesson3C.csproj", "{BB652426-A7F4-4FC9-B5D4-E85ECC0A2CE1}"
EndProject
Project("{FAE04EC0-301F-11D3-BF4B-00C04F79EFBC}") = "Lesson4A", "Lesson4A\Lesson4A.csproj", "{7E235EDF-0690-458F-B0E3-E5BCDB28463E}"
EndProject
Project("{FAE04EC0-301F-11D3-BF4B-00C04F79EFBC}") = "Lesson4C", "Lesson4C\Lesson4C.csproj", "{8074E56A-834B-4EC5-82D0-85B4C188C559}"
EndProject
Project("{FAE04EC0-301F-11D3-BF4B-00C04F79EFBC}") = "Lesson4B", "Lesson4B\Lesson4B.csproj", "{A9EBC9F7-4EC2-49E1-B950-8B736BE294EF}"
EndProject
Project("{FAE04EC0-301F-11D3-BF4B-00C04F79EFBC}") = "Lesson4D", "Lesson4D\Lesson4D.csproj", "{E8BB1C74-950A-46D8-A075-2731F9B36833}"
EndProject
Project("{FAE04EC0-301F-11D3-BF4B-00C04F79EFBC}") = "Stopwatch", "Stopwatch\Stopwatch.csproj", "{D9677B88-DB7D-472D-BB40-5F7DF41442E5}"
EndProject
Project("{FAE04EC0-301F-11D3-BF4B-00C04F79EFBC}") = "Testing", "Testing\Testing.csproj", "{65082194-166A-4434-9BF2-9976E93039C5}"
EndProject
Project("{2150E333-8FDC-42A3-9474-1A3956D46DE8}") = "5 - prefix sums", "5 - prefix sums", "{544FA975-C5AE-400A-9D0F-96DC87FFF927}"
EndProject
Project("{FAE04EC0-301F-11D3-BF4B-00C04F79EFBC}") = "Lesson5A", "Lesson5A\Lesson5A.csproj", "{F94CAD2E-D2EB-42AF-95AF-A030B5926721}"
EndProject
Project("{FAE04EC0-301F-11D3-BF4B-00C04F79EFBC}") = "Lesson5B", "Lesson5B\Lesson5B.csproj", "{0507DDC9-6665-4C96-A9F2-B809EFE6F8B0}"
EndProject
Project("{FAE04EC0-301F-11D3-BF4B-00C04F79EFBC}") = "Lesson5C", "Lesson5C\Lesson5C.csproj", "{4B44950A-652D-4D67-A8A4-072B1FCE6063}"
EndProject
Project("{FAE04EC0-301F-11D3-BF4B-00C04F79EFBC}") = "Lesson5D", "Lesson5D\Lesson5D.csproj", "{F48E5D3E-1366-4A82-8A5B-101BDFA57838}"
EndProject
Global
	GlobalSection(SolutionConfigurationPlatforms) = preSolution
		Debug|Any CPU = Debug|Any CPU
		Release|Any CPU = Release|Any CPU
	EndGlobalSection
	GlobalSection(ProjectConfigurationPlatforms) = postSolution
		{EF853894-6F17-4382-898F-71359904A0FF}.Debug|Any CPU.ActiveCfg = Debug|Any CPU
		{EF853894-6F17-4382-898F-71359904A0FF}.Debug|Any CPU.Build.0 = Debug|Any CPU
		{EF853894-6F17-4382-898F-71359904A0FF}.Release|Any CPU.ActiveCfg = Release|Any CPU
		{EF853894-6F17-4382-898F-71359904A0FF}.Release|Any CPU.Build.0 = Release|Any CPU
		{BEF0D3AC-B654-4E27-95B8-09DC7E7D1EB8}.Debug|Any CPU.ActiveCfg = Debug|Any CPU
		{BEF0D3AC-B654-4E27-95B8-09DC7E7D1EB8}.Debug|Any CPU.Build.0 = Debug|Any CPU
		{BEF0D3AC-B654-4E27-95B8-09DC7E7D1EB8}.Release|Any CPU.ActiveCfg = Release|Any CPU
		{BEF0D3AC-B654-4E27-95B8-09DC7E7D1EB8}.Release|Any CPU.Build.0 = Release|Any CPU
		{80F3531F-C669-42E2-A9FF-DAF51C9C7643}.Debug|Any CPU.ActiveCfg = Debug|Any CPU
		{80F3531F-C669-42E2-A9FF-DAF51C9C7643}.Debug|Any CPU.Build.0 = Debug|Any CPU
		{80F3531F-C669-42E2-A9FF-DAF51C9C7643}.Release|Any CPU.ActiveCfg = Release|Any CPU
		{80F3531F-C669-42E2-A9FF-DAF51C9C7643}.Release|Any CPU.Build.0 = Release|Any CPU
		{9C79C215-D072-40E0-B1A6-4A78E9357294}.Debug|Any CPU.ActiveCfg = Debug|Any CPU
		{9C79C215-D072-40E0-B1A6-4A78E9357294}.Debug|Any CPU.Build.0 = Debug|Any CPU
		{9C79C215-D072-40E0-B1A6-4A78E9357294}.Release|Any CPU.ActiveCfg = Release|Any CPU
		{9C79C215-D072-40E0-B1A6-4A78E9357294}.Release|Any CPU.Build.0 = Release|Any CPU
		{E17E39F6-A724-4488-BF6E-6E3947723FC1}.Debug|Any CPU.ActiveCfg = Debug|Any CPU
		{E17E39F6-A724-4488-BF6E-6E3947723FC1}.Debug|Any CPU.Build.0 = Debug|Any CPU
		{E17E39F6-A724-4488-BF6E-6E3947723FC1}.Release|Any CPU.ActiveCfg = Release|Any CPU
		{E17E39F6-A724-4488-BF6E-6E3947723FC1}.Release|Any CPU.Build.0 = Release|Any CPU
		{BB652426-A7F4-4FC9-B5D4-E85ECC0A2CE1}.Debug|Any CPU.ActiveCfg = Debug|Any CPU
		{BB652426-A7F4-4FC9-B5D4-E85ECC0A2CE1}.Debug|Any CPU.Build.0 = Debug|Any CPU
		{BB652426-A7F4-4FC9-B5D4-E85ECC0A2CE1}.Release|Any CPU.ActiveCfg = Release|Any CPU
		{BB652426-A7F4-4FC9-B5D4-E85ECC0A2CE1}.Release|Any CPU.Build.0 = Release|Any CPU
		{7E235EDF-0690-458F-B0E3-E5BCDB28463E}.Debug|Any CPU.ActiveCfg = Debug|Any CPU
		{7E235EDF-0690-458F-B0E3-E5BCDB28463E}.Debug|Any CPU.Build.0 = Debug|Any CPU
		{7E235EDF-0690-458F-B0E3-E5BCDB28463E}.Release|Any CPU.ActiveCfg = Release|Any CPU
		{7E235EDF-0690-458F-B0E3-E5BCDB28463E}.Release|Any CPU.Build.0 = Release|Any CPU
		{8074E56A-834B-4EC5-82D0-85B4C188C559}.Debug|Any CPU.ActiveCfg = Debug|Any CPU
		{8074E56A-834B-4EC5-82D0-85B4C188C559}.Debug|Any CPU.Build.0 = Debug|Any CPU
		{8074E56A-834B-4EC5-82D0-85B4C188C559}.Release|Any CPU.ActiveCfg = Release|Any CPU
		{8074E56A-834B-4EC5-82D0-85B4C188C559}.Release|Any CPU.Build.0 = Release|Any CPU
		{A9EBC9F7-4EC2-49E1-B950-8B736BE294EF}.Debug|Any CPU.ActiveCfg = Debug|Any CPU
		{A9EBC9F7-4EC2-49E1-B950-8B736BE294EF}.Debug|Any CPU.Build.0 = Debug|Any CPU
		{A9EBC9F7-4EC2-49E1-B950-8B736BE294EF}.Release|Any CPU.ActiveCfg = Release|Any CPU
		{A9EBC9F7-4EC2-49E1-B950-8B736BE294EF}.Release|Any CPU.Build.0 = Release|Any CPU
		{E8BB1C74-950A-46D8-A075-2731F9B36833}.Debug|Any CPU.ActiveCfg = Debug|Any CPU
		{E8BB1C74-950A-46D8-A075-2731F9B36833}.Debug|Any CPU.Build.0 = Debug|Any CPU
		{E8BB1C74-950A-46D8-A075-2731F9B36833}.Release|Any CPU.ActiveCfg = Release|Any CPU
		{E8BB1C74-950A-46D8-A075-2731F9B36833}.Release|Any CPU.Build.0 = Release|Any CPU
		{D9677B88-DB7D-472D-BB40-5F7DF41442E5}.Debug|Any CPU.ActiveCfg = Debug|Any CPU
		{D9677B88-DB7D-472D-BB40-5F7DF41442E5}.Debug|Any CPU.Build.0 = Debug|Any CPU
		{D9677B88-DB7D-472D-BB40-5F7DF41442E5}.Release|Any CPU.ActiveCfg = Release|Any CPU
		{D9677B88-DB7D-472D-BB40-5F7DF41442E5}.Release|Any CPU.Build.0 = Release|Any CPU
		{65082194-166A-4434-9BF2-9976E93039C5}.Debug|Any CPU.ActiveCfg = Debug|Any CPU
		{65082194-166A-4434-9BF2-9976E93039C5}.Debug|Any CPU.Build.0 = Debug|Any CPU
		{65082194-166A-4434-9BF2-9976E93039C5}.Release|Any CPU.ActiveCfg = Release|Any CPU
		{65082194-166A-4434-9BF2-9976E93039C5}.Release|Any CPU.Build.0 = Release|Any CPU
		{F94CAD2E-D2EB-42AF-95AF-A030B5926721}.Debug|Any CPU.ActiveCfg = Debug|Any CPU
		{F94CAD2E-D2EB-42AF-95AF-A030B5926721}.Debug|Any CPU.Build.0 = Debug|Any CPU
		{F94CAD2E-D2EB-42AF-95AF-A030B5926721}.Release|Any CPU.ActiveCfg = Release|Any CPU
		{F94CAD2E-D2EB-42AF-95AF-A030B5926721}.Release|Any CPU.Build.0 = Release|Any CPU
		{0507DDC9-6665-4C96-A9F2-B809EFE6F8B0}.Debug|Any CPU.ActiveCfg = Debug|Any CPU
		{0507DDC9-6665-4C96-A9F2-B809EFE6F8B0}.Debug|Any CPU.Build.0 = Debug|Any CPU
		{0507DDC9-6665-4C96-A9F2-B809EFE6F8B0}.Release|Any CPU.ActiveCfg = Release|Any CPU
		{0507DDC9-6665-4C96-A9F2-B809EFE6F8B0}.Release|Any CPU.Build.0 = Release|Any CPU
		{4B44950A-652D-4D67-A8A4-072B1FCE6063}.Debug|Any CPU.ActiveCfg = Debug|Any CPU
		{4B44950A-652D-4D67-A8A4-072B1FCE6063}.Debug|Any CPU.Build.0 = Debug|Any CPU
		{4B44950A-652D-4D67-A8A4-072B1FCE6063}.Release|Any CPU.ActiveCfg = Release|Any CPU
		{4B44950A-652D-4D67-A8A4-072B1FCE6063}.Release|Any CPU.Build.0 = Release|Any CPU
		{F48E5D3E-1366-4A82-8A5B-101BDFA57838}.Debug|Any CPU.ActiveCfg = Debug|Any CPU
		{F48E5D3E-1366-4A82-8A5B-101BDFA57838}.Debug|Any CPU.Build.0 = Debug|Any CPU
		{F48E5D3E-1366-4A82-8A5B-101BDFA57838}.Release|Any CPU.ActiveCfg = Release|Any CPU
		{F48E5D3E-1366-4A82-8A5B-101BDFA57838}.Release|Any CPU.Build.0 = Release|Any CPU
	EndGlobalSection
	GlobalSection(SolutionProperties) = preSolution
		HideSolutionNode = FALSE
	EndGlobalSection
	GlobalSection(NestedProjects) = preSolution
		{F94CAD2E-D2EB-42AF-95AF-A030B5926721} = {544FA975-C5AE-400A-9D0F-96DC87FFF927}
		{0507DDC9-6665-4C96-A9F2-B809EFE6F8B0} = {544FA975-C5AE-400A-9D0F-96DC87FFF927}
		{4B44950A-652D-4D67-A8A4-072B1FCE6063} = {544FA975-C5AE-400A-9D0F-96DC87FFF927}
		{F48E5D3E-1366-4A82-8A5B-101BDFA57838} = {544FA975-C5AE-400A-9D0F-96DC87FFF927}
	EndGlobalSection
EndGlobal
